
Microsoft Visual Studio Solution File, Format Version 12.00
# Visual Studio Version 16
VisualStudioVersion = 16.0.29806.167
MinimumVisualStudioVersion = 10.0.40219.1
Project("{FAE04EC0-301F-11D3-BF4B-00C04F79EFBC}") = "Ludum46", "Ludum46\Ludum46.csproj", "{1EB0D95A-BD81-4094-9105-093DCE3791AF}"
EndProject
Project("{FAE04EC0-301F-11D3-BF4B-00C04F79EFBC}") = "Editor", "Editor\Editor.csproj", "{9BEF6A30-7C8C-42FC-A84C-0A43351C5639}"
EndProject
Global
	GlobalSection(SolutionConfigurationPlatforms) = preSolution
		Debug|Any CPU = Debug|Any CPU
		Release|Any CPU = Release|Any CPU
	EndGlobalSection
	GlobalSection(ProjectConfigurationPlatforms) = postSolution
		{1EB0D95A-BD81-4094-9105-093DCE3791AF}.Debug|Any CPU.ActiveCfg = Debug|Any CPU
		{1EB0D95A-BD81-4094-9105-093DCE3791AF}.Debug|Any CPU.Build.0 = Debug|Any CPU
		{1EB0D95A-BD81-4094-9105-093DCE3791AF}.Release|Any CPU.ActiveCfg = Release|Any CPU
		{1EB0D95A-BD81-4094-9105-093DCE3791AF}.Release|Any CPU.Build.0 = Release|Any CPU
		{9BEF6A30-7C8C-42FC-A84C-0A43351C5639}.Debug|Any CPU.ActiveCfg = Debug|Any CPU
		{9BEF6A30-7C8C-42FC-A84C-0A43351C5639}.Debug|Any CPU.Build.0 = Debug|Any CPU
		{9BEF6A30-7C8C-42FC-A84C-0A43351C5639}.Release|Any CPU.ActiveCfg = Release|Any CPU
		{9BEF6A30-7C8C-42FC-A84C-0A43351C5639}.Release|Any CPU.Build.0 = Release|Any CPU
	EndGlobalSection
	GlobalSection(SolutionProperties) = preSolution
		HideSolutionNode = FALSE
	EndGlobalSection
	GlobalSection(ExtensibilityGlobals) = postSolution
		SolutionGuid = {E3C06A98-81A3-4623-8232-024BA6AC388B}
	EndGlobalSection
EndGlobal
